codeberg.org/rpg/dungeon v0.0.9 h1:lt8ljPHNtrfVXpDQ2vRg7PPfKweT7EdCyKj87UbeLsw=
codeberg.org/rpg/dungeon v0.0.9/go.mod h1:OJZ92DWfbnzzKZJfSbGOzok/p1fHrHJsW5pEozfaWMo=
codeberg.org/rpg/dungeon v0.1.0 h1:FTsrP4xRgi7IOHS/HewIgawqIEn8yT6W+5XxkD70X/g=
codeberg.org/rpg/dungeon v0.1.0/go.mod h1:OJZ92DWfbnzzKZJfSbGOzok/p1fHrHJsW5pEozfaWMo=
